// !$*UTF8*$!
{
	archiveVersion = 1;
	classes = {
	};
	objectVersion = 50;
	objects = {

/* Begin PBXBuildFile section */
		B673D1EE209A11B80086958A /* AppDelegate.swift in Sources */ = {isa = PBXBuildFile; fileRef = B673D1ED209A11B80086958A /* AppDelegate.swift */; };
		B673D1F0209A11B80086958A /* ViewController.swift in Sources */ = {isa = PBXBuildFile; fileRef = B673D1EF209A11B80086958A /* ViewController.swift */; };
		B673D1F3209A11B80086958A /* Main.storyboard in Resources */ = {isa = PBXBuildFile; fileRef = B673D1F1209A11B80086958A /* Main.storyboard */; };
		B673D1F5209A11B90086958A /* Assets.xcassets in Resources */ = {isa = PBXBuildFile; fileRef = B673D1F4209A11B90086958A /* Assets.xcassets */; };
		B673D1F8209A11B90086958A /* LaunchScreen.storyboard in Resources */ = {isa = PBXBuildFile; fileRef = B673D1F6209A11B90086958A /* LaunchScreen.storyboard */; };
		B673D203209A11BA0086958A /* ios_alamofire_swifttask_demoTests.swift in Sources */ = {isa = PBXBuildFile; fileRef = B673D202209A11BA0086958A /* ios_alamofire_swifttask_demoTests.swift */; };
		B673D20E209A11BA0086958A /* ios_alamofire_swifttask_demoUITests.swift in Sources */ = {isa = PBXBuildFile; fileRef = B673D20D209A11BA0086958A /* ios_alamofire_swifttask_demoUITests.swift */; };
/* End PBXBuildFile section */

/* Begin PBXContainerItemProxy section */
		B673D1FF209A11BA0086958A /* PBXContainerItemProxy */ = {
			isa = PBXContainerItemProxy;
			containerPortal = B673D1E2209A11B80086958A /* Project object */;
			proxyType = 1;
			remoteGlobalIDString = B673D1E9209A11B80086958A;
			remoteInfo = "ios-alamofire-swifttask-demo";
		};
		B673D20A209A11BA0086958A /* PBXContainerItemProxy */ = {
			isa = PBXContainerItemProxy;
			containerPortal = B673D1E2209A11B80086958A /* Project object */;
			proxyType = 1;
			remoteGlobalIDString = B673D1E9209A11B80086958A;
			remoteInfo = "ios-alamofire-swifttask-demo";
		};
/* End PBXContainerItemProxy section */

/* Begin PBXFileReference section */
		B673D1EA209A11B80086958A /* ios-alamofire-swifttask-demo.app */ = {isa = PBXFileReference; explicitFileType = wrapper.application; includeInIndex = 0; path = "ios-alamofire-swifttask-demo.app"; sourceTree = BUILT_PRODUCTS_DIR; };
		B673D1ED209A11B80086958A /* AppDelegate.swift */ = {isa = PBXFileReference; lastKnownFileType = sourcecode.swift; path = AppDelegate.swift; sourceTree = "<group>"; };
		B673D1EF209A11B80086958A /* ViewController.swift */ = {isa = PBXFileReference; lastKnownFileType = sourcecode.swift; path = ViewController.swift; sourceTree = "<group>"; };
		B673D1F2209A11B80086958A /* Base */ = {isa = PBXFileReference; lastKnownFileType = file.storyboard; name = Base; path = Base.lproj/Main.storyboard; sourceTree = "<group>"; };
		B673D1F4209A11B90086958A /* Assets.xcassets */ = {isa = PBXFileReference; lastKnownFileType = folder.assetcatalog; path = Assets.xcassets; sourceTree = "<group>"; };
		B673D1F7209A11B90086958A /* Base */ = {isa = PBXFileReference; lastKnownFileType = file.storyboard; name = Base; path = Base.lproj/LaunchScreen.storyboard; sourceTree = "<group>"; };
		B673D1F9209A11BA0086958A /* Info.plist */ = {isa = PBXFileReference; lastKnownFileType = text.plist.xml; path = Info.plist; sourceTree = "<group>"; };
		B673D1FE209A11BA0086958A /* ios-alamofire-swifttask-demoTests.xctest */ = {isa = PBXFileReference; explicitFileType = wrapper.cfbundle; includeInIndex = 0; path = "ios-alamofire-swifttask-demoTests.xctest"; sourceTree = BUILT_PRODUCTS_DIR; };
		B673D202209A11BA0086958A /* ios_alamofire_swifttask_demoTests.swift */ = {isa = PBXFileReference; lastKnownFileType = sourcecode.swift; path = ios_alamofire_swifttask_demoTests.swift; sourceTree = "<group>"; };
		B673D204209A11BA0086958A /* Info.plist */ = {isa = PBXFileReference; lastKnownFileType = text.plist.xml; path = Info.plist; sourceTree = "<group>"; };
		B673D209209A11BA0086958A /* ios-alamofire-swifttask-demoUITests.xctest */ = {isa = PBXFileReference; explicitFileType = wrapper.cfbundle; includeInIndex = 0; path = "ios-alamofire-swifttask-demoUITests.xctest"; sourceTree = BUILT_PRODUCTS_DIR; };
		B673D20D209A11BA0086958A /* ios_alamofire_swifttask_demoUITests.swift */ = {isa = PBXFileReference; lastKnownFileType = sourcecode.swift; path = ios_alamofire_swifttask_demoUITests.swift; sourceTree = "<group>"; };
		B673D20F209A11BA0086958A /* Info.plist */ = {isa = PBXFileReference; lastKnownFileType = text.plist.xml; path = Info.plist; sourceTree = "<group>"; };
/* End PBXFileReference section */

/* Begin PBXFrameworksBuildPhase section */
		B673D1E7209A11B80086958A /* Frameworks */ = {
			isa = PBXFrameworksBuildPhase;
			buildActionMask = 2147483647;
			files = (
			);
			runOnlyForDeploymentPostprocessing = 0;
		};
		B673D1FB209A11BA0086958A /* Frameworks */ = {
			isa = PBXFrameworksBuildPhase;
			buildActionMask = 2147483647;
			files = (
			);
			runOnlyForDeploymentPostprocessing = 0;
		};
		B673D206209A11BA0086958A /* Frameworks */ = {
			isa = PBXFrameworksBuildPhase;
			buildActionMask = 2147483647;
			files = (
			);
			runOnlyForDeploymentPostprocessing = 0;
		};
/* End PBXFrameworksBuildPhase section */

/* Begin PBXGroup section */
		B673D1E1209A11B80086958A = {
			isa = PBXGroup;
			children = (
				B673D1EC209A11B80086958A /* ios-alamofire-swifttask-demo */,
				B673D201209A11BA0086958A /* ios-alamofire-swifttask-demoTests */,
				B673D20C209A11BA0086958A /* ios-alamofire-swifttask-demoUITests */,
				B673D1EB209A11B80086958A /* Products */,
			);
			sourceTree = "<group>";
		};
		B673D1EB209A11B80086958A /* Products */ = {
			isa = PBXGroup;
			children = (
				B673D1EA209A11B80086958A /* ios-alamofire-swifttask-demo.app */,
				B673D1FE209A11BA0086958A /* ios-alamofire-swifttask-demoTests.xctest */,
				B673D209209A11BA0086958A /* ios-alamofire-swifttask-demoUITests.xctest */,
			);
			name = Products;
			sourceTree = "<group>";
		};
		B673D1EC209A11B80086958A /* ios-alamofire-swifttask-demo */ = {
			isa = PBXGroup;
			children = (
				B673D1ED209A11B80086958A /* AppDelegate.swift */,
				B673D1EF209A11B80086958A /* ViewController.swift */,
				B673D1F1209A11B80086958A /* Main.storyboard */,
				B673D1F4209A11B90086958A /* Assets.xcassets */,
				B673D1F6209A11B90086958A /* LaunchScreen.storyboard */,
				B673D1F9209A11BA0086958A /* Info.plist */,
			);
			path = "ios-alamofire-swifttask-demo";
			sourceTree = "<group>";
		};
		B673D201209A11BA0086958A /* ios-alamofire-swifttask-demoTests */ = {
			isa = PBXGroup;
			children = (
				B673D202209A11BA0086958A /* ios_alamofire_swifttask_demoTests.swift */,
				B673D204209A11BA0086958A /* Info.plist */,
			);
			path = "ios-alamofire-swifttask-demoTests";
			sourceTree = "<group>";
		};
		B673D20C209A11BA0086958A /* ios-alamofire-swifttask-demoUITests */ = {
			isa = PBXGroup;
			children = (
				B673D20D209A11BA0086958A /* ios_alamofire_swifttask_demoUITests.swift */,
				B673D20F209A11BA0086958A /* Info.plist */,
			);
			path = "ios-alamofire-swifttask-demoUITests";
			sourceTree = "<group>";
		};
/* End PBXGroup section */

/* Begin PBXNativeTarget section */
		B673D1E9209A11B80086958A /* ios-alamofire-swifttask-demo */ = {
			isa = PBXNativeTarget;
			buildConfigurationList = B673D212209A11BA0086958A /* Build configuration list for PBXNativeTarget "ios-alamofire-swifttask-demo" */;
			buildPhases = (
				B673D1E6209A11B80086958A /* Sources */,
				B673D1E7209A11B80086958A /* Frameworks */,
				B673D1E8209A11B80086958A /* Resources */,
			);
			buildRules = (
			);
			dependencies = (
			);
			name = "ios-alamofire-swifttask-demo";
			productName = "ios-alamofire-swifttask-demo";
			productReference = B673D1EA209A11B80086958A /* ios-alamofire-swifttask-demo.app */;
			productType = "com.apple.product-type.application";
		};
		B673D1FD209A11BA0086958A /* ios-alamofire-swifttask-demoTests */ = {
			isa = PBXNativeTarget;
			buildConfigurationList = B673D215209A11BA0086958A /* Build configuration list for PBXNativeTarget "ios-alamofire-swifttask-demoTests" */;
			buildPhases = (
				B673D1FA209A11BA0086958A /* Sources */,
				B673D1FB209A11BA0086958A /* Frameworks */,
				B673D1FC209A11BA0086958A /* Resources */,
			);
			buildRules = (
			);
			dependencies = (
				B673D200209A11BA0086958A /* PBXTargetDependency */,
			);
			name = "ios-alamofire-swifttask-demoTests";
			productName = "ios-alamofire-swifttask-demoTests";
			productReference = B673D1FE209A11BA0086958A /* ios-alamofire-swifttask-demoTests.xctest */;
			productType = "com.apple.product-type.bundle.unit-test";
		};
		B673D208209A11BA0086958A /* ios-alamofire-swifttask-demoUITests */ = {
			isa = PBXNativeTarget;
			buildConfigurationList = B673D218209A11BA0086958A /* Build configuration list for PBXNativeTarget "ios-alamofire-swifttask-demoUITests" */;
			buildPhases = (
				B673D205209A11BA0086958A /* Sources */,
				B673D206209A11BA0086958A /* Frameworks */,
				B673D207209A11BA0086958A /* Resources */,
			);
			buildRules = (
			);
			dependencies = (
				B673D20B209A11BA0086958A /* PBXTargetDependency */,
			);
			name = "ios-alamofire-swifttask-demoUITests";
			productName = "ios-alamofire-swifttask-demoUITests";
			productReference = B673D209209A11BA0086958A /* ios-alamofire-swifttask-demoUITests.xctest */;
			productType = "com.apple.product-type.bundle.ui-testing";
		};
/* End PBXNativeTarget section */

/* Begin PBXProject section */
		B673D1E2209A11B80086958A /* Project object */ = {
			isa = PBXProject;
			attributes = {
				LastSwiftUpdateCheck = 0930;
				LastUpgradeCheck = 0930;
				ORGANIZATIONNAME = OkuderaYuki;
				TargetAttributes = {
					B673D1E9209A11B80086958A = {
						CreatedOnToolsVersion = 9.3;
					};
					B673D1FD209A11BA0086958A = {
						CreatedOnToolsVersion = 9.3;
						TestTargetID = B673D1E9209A11B80086958A;
					};
					B673D208209A11BA0086958A = {
						CreatedOnToolsVersion = 9.3;
						TestTargetID = B673D1E9209A11B80086958A;
					};
				};
			};
			buildConfigurationList = B673D1E5209A11B80086958A /* Build configuration list for PBXProject "ios-alamofire-swifttask-demo" */;
			compatibilityVersion = "Xcode 9.3";
			developmentRegion = en;
			hasScannedForEncodings = 0;
			knownRegions = (
				en,
				Base,
			);
			mainGroup = B673D1E1209A11B80086958A;
			productRefGroup = B673D1EB209A11B80086958A /* Products */;
			projectDirPath = "";
			projectRoot = "";
			targets = (
				B673D1E9209A11B80086958A /* ios-alamofire-swifttask-demo */,
				B673D1FD209A11BA0086958A /* ios-alamofire-swifttask-demoTests */,
				B673D208209A11BA0086958A /* ios-alamofire-swifttask-demoUITests */,
			);
		};
/* End PBXProject section */

/* Begin PBXResourcesBuildPhase section */
		B673D1E8209A11B80086958A /* Resources */ = {
			isa = PBXResourcesBuildPhase;
			buildActionMask = 2147483647;
			files = (
				B673D1F8209A11B90086958A /* LaunchScreen.storyboard in Resources */,
				B673D1F5209A11B90086958A /* Assets.xcassets in Resources */,
				B673D1F3209A11B80086958A /* Main.storyboard in Resources */,
			);
			runOnlyForDeploymentPostprocessing = 0;
		};
		B673D1FC209A11BA0086958A /* Resources */ = {
			isa = PBXResourcesBuildPhase;
			buildActionMask = 2147483647;
			files = (
			);
			runOnlyForDeploymentPostprocessing = 0;
		};
		B673D207209A11BA0086958A /* Resources */ = {
			isa = PBXResourcesBuildPhase;
			buildActionMask = 2147483647;
			files = (
			);
			runOnlyForDeploymentPostprocessing = 0;
		};
/* End PBXResourcesBuildPhase section */

/* Begin PBXSourcesBuildPhase section */
		B673D1E6209A11B80086958A /* Sources */ = {
			isa = PBXSourcesBuildPhase;
			buildActionMask = 2147483647;
			files = (
				B673D1F0209A11B80086958A /* ViewController.swift in Sources */,
				B673D1EE209A11B80086958A /* AppDelegate.swift in Sources */,
			);
			runOnlyForDeploymentPostprocessing = 0;
		};
		B673D1FA209A11BA0086958A /* Sources */ = {
			isa = PBXSourcesBuildPhase;
			buildActionMask = 2147483647;
			files = (
				B673D203209A11BA0086958A /* ios_alamofire_swifttask_demoTests.swift in Sources */,
			);
			runOnlyForDeploymentPostprocessing = 0;
		};
		B673D205209A11BA0086958A /* Sources */ = {
			isa = PBXSourcesBuildPhase;
			buildActionMask = 2147483647;
			files = (
				B673D20E209A11BA0086958A /* ios_alamofire_swifttask_demoUITests.swift in Sources */,
			);
			runOnlyForDeploymentPostprocessing = 0;
		};
/* End PBXSourcesBuildPhase section */

/* Begin PBXTargetDependency section */
		B673D200209A11BA0086958A /* PBXTargetDependency */ = {
			isa = PBXTargetDependency;
			target = B673D1E9209A11B80086958A /* ios-alamofire-swifttask-demo */;
			targetProxy = B673D1FF209A11BA0086958A /* PBXContainerItemProxy */;
		};
		B673D20B209A11BA0086958A /* PBXTargetDependency */ = {
			isa = PBXTargetDependency;
			target = B673D1E9209A11B80086958A /* ios-alamofire-swifttask-demo */;
			targetProxy = B673D20A209A11BA0086958A /* PBXContainerItemProxy */;
		};
/* End PBXTargetDependency section */

/* Begin PBXVariantGroup section */
		B673D1F1209A11B80086958A /* Main.storyboard */ = {
			isa = PBXVariantGroup;
			children = (
				B673D1F2209A11B80086958A /* Base */,
			);
			name = Main.storyboard;
			sourceTree = "<group>";
		};
		B673D1F6209A11B90086958A /* LaunchScreen.storyboard */ = {
			isa = PBXVariantGroup;
			children = (
				B673D1F7209A11B90086958A /* Base */,
			);
			name = LaunchScreen.storyboard;
			sourceTree = "<group>";
		};
/* End PBXVariantGroup section */

/* Begin XCBuildConfiguration section */
		B673D210209A11BA0086958A /* Debug */ = {
			isa = XCBuildConfiguration;
			buildSettings = {
				ALWAYS_SEARCH_USER_PATHS = NO;
				CLANG_ANALYZER_NONNULL = YES;
				CLANG_ANALYZER_NUMBER_OBJECT_CONVERSION = YES_AGGRESSIVE;
				CLANG_CXX_LANGUAGE_STANDARD = "gnu++14";
				CLANG_CXX_LIBRARY = "libc++";
				CLANG_ENABLE_MODULES = YES;
				CLANG_ENABLE_OBJC_ARC = YES;
				CLANG_ENABLE_OBJC_WEAK = YES;
				CLANG_WARN_BLOCK_CAPTURE_AUTORELEASING = YES;
				CLANG_WARN_BOOL_CONVERSION = YES;
				CLANG_WARN_COMMA = YES;
				CLANG_WARN_CONSTANT_CONVERSION = YES;
				CLANG_WARN_DEPRECATED_OBJC_IMPLEMENTATIONS = YES;
				CLANG_WARN_DIRECT_OBJC_ISA_USAGE = YES_ERROR;
				CLANG_WARN_DOCUMENTATION_COMMENTS = YES;
				CLANG_WARN_EMPTY_BODY = YES;
				CLANG_WARN_ENUM_CONVERSION = YES;
				CLANG_WARN_INFINITE_RECURSION = YES;
				CLANG_WARN_INT_CONVERSION = YES;
				CLANG_WARN_NON_LITERAL_NULL_CONVERSION = YES;
				CLANG_WARN_OBJC_IMPLICIT_RETAIN_SELF = YES;
				CLANG_WARN_OBJC_LITERAL_CONVERSION = YES;
				CLANG_WARN_OBJC_ROOT_CLASS = YES_ERROR;
				CLANG_WARN_RANGE_LOOP_ANALYSIS = YES;
				CLANG_WARN_STRICT_PROTOTYPES = YES;
				CLANG_WARN_SUSPICIOUS_MOVE = YES;
				CLANG_WARN_UNGUARDED_AVAILABILITY = YES_AGGRESSIVE;
				CLANG_WARN_UNREACHABLE_CODE = YES;
				CLANG_WARN__DUPLICATE_METHOD_MATCH = YES;
				CODE_SIGN_IDENTITY = "iPhone Developer";
				COPY_PHASE_STRIP = NO;
				DEBUG_INFORMATION_FORMAT = dwarf;
				ENABLE_STRICT_OBJC_MSGSEND = YES;
				ENABLE_TESTABILITY = YES;
				GCC_C_LANGUAGE_STANDARD = gnu11;
				GCC_DYNAMIC_NO_PIC = NO;
				GCC_NO_COMMON_BLOCKS = YES;
				GCC_OPTIMIZATION_LEVEL = 0;
				GCC_PREPROCESSOR_DEFINITIONS = (
					"DEBUG=1",
					"$(inherited)",
				);
				GCC_WARN_64_TO_32_BIT_CONVERSION = YES;
				GCC_WARN_ABOUT_RETURN_TYPE = YES_ERROR;
				GCC_WARN_UNDECLARED_SELECTOR = YES;
				GCC_WARN_UNINITIALIZED_AUTOS = YES_AGGRESSIVE;
				GCC_WARN_UNUSED_FUNCTION = YES;
				GCC_WARN_UNUSED_VARIABLE = YES;
				IPHONEOS_DEPLOYMENT_TARGET = 11.3;
				MTL_ENABLE_DEBUG_INFO = YES;
				ONLY_ACTIVE_ARCH = YES;
				SDKROOT = iphoneos;
				SWIFT_ACTIVE_COMPILATION_CONDITIONS = DEBUG;
				SWIFT_OPTIMIZATION_LEVEL = "-Onone";
			};
			name = Debug;
		};
		B673D211209A11BA0086958A /* Release */ = {
			isa = XCBuildConfiguration;
			buildSettings = {
				ALWAYS_SEARCH_USER_PATHS = NO;
				CLANG_ANALYZER_NONNULL = YES;
				CLANG_ANALYZER_NUMBER_OBJECT_CONVERSION = YES_AGGRESSIVE;
				CLANG_CXX_LANGUAGE_STANDARD = "gnu++14";
				CLANG_CXX_LIBRARY = "libc++";
				CLANG_ENABLE_MODULES = YES;
				CLANG_ENABLE_OBJC_ARC = YES;
				CLANG_ENABLE_OBJC_WEAK = YES;
				CLANG_WARN_BLOCK_CAPTURE_AUTORELEASING = YES;
				CLANG_WARN_BOOL_CONVERSION = YES;
				CLANG_WARN_COMMA = YES;
				CLANG_WARN_CONSTANT_CONVERSION = YES;
				CLANG_WARN_DEPRECATED_OBJC_IMPLEMENTATIONS = YES;
				CLANG_WARN_DIRECT_OBJC_ISA_USAGE = YES_ERROR;
				CLANG_WARN_DOCUMENTATION_COMMENTS = YES;
				CLANG_WARN_EMPTY_BODY = YES;
				CLANG_WARN_ENUM_CONVERSION = YES;
				CLANG_WARN_INFINITE_RECURSION = YES;
				CLANG_WARN_INT_CONVERSION = YES;
				CLANG_WARN_NON_LITERAL_NULL_CONVERSION = YES;
				CLANG_WARN_OBJC_IMPLICIT_RETAIN_SELF = YES;
				CLANG_WARN_OBJC_LITERAL_CONVERSION = YES;
				CLANG_WARN_OBJC_ROOT_CLASS = YES_ERROR;
				CLANG_WARN_RANGE_LOOP_ANALYSIS = YES;
				CLANG_WARN_STRICT_PROTOTYPES = YES;
				CLANG_WARN_SUSPICIOUS_MOVE = YES;
				CLANG_WARN_UNGUARDED_AVAILABILITY = YES_AGGRESSIVE;
				CLANG_WARN_UNREACHABLE_CODE = YES;
				CLANG_WARN__DUPLICATE_METHOD_MATCH = YES;
				CODE_SIGN_IDENTITY = "iPhone Developer";
				COPY_PHASE_STRIP = NO;
				DEBUG_INFORMATION_FORMAT = "dwarf-with-dsym";
				ENABLE_NS_ASSERTIONS = NO;
				ENABLE_STRICT_OBJC_MSGSEND = YES;
				GCC_C_LANGUAGE_STANDARD = gnu11;
				GCC_NO_COMMON_BLOCKS = YES;
				GCC_WARN_64_TO_32_BIT_CONVERSION = YES;
				GCC_WARN_ABOUT_RETURN_TYPE = YES_ERROR;
				GCC_WARN_UNDECLARED_SELECTOR = YES;
				GCC_WARN_UNINITIALIZED_AUTOS = YES_AGGRESSIVE;
				GCC_WARN_UNUSED_FUNCTION = YES;
				GCC_WARN_UNUSED_VARIABLE = YES;
				IPHONEOS_DEPLOYMENT_TARGET = 11.3;
				MTL_ENABLE_DEBUG_INFO = NO;
				SDKROOT = iphoneos;
				SWIFT_COMPILATION_MODE = wholemodule;
				SWIFT_OPTIMIZATION_LEVEL = "-O";
				VALIDATE_PRODUCT = YES;
			};
			name = Release;
		};
		B673D213209A11BA0086958A /* Debug */ = {
			isa = XCBuildConfiguration;
			buildSettings = {
				ASSETCATALOG_COMPILER_APPICON_NAME = AppIcon;
				CODE_SIGN_STYLE = Automatic;
				DEVELOPMENT_TEAM = PCCZJUYRT6;
				INFOPLIST_FILE = "ios-alamofire-swifttask-demo/Info.plist";
				LD_RUNPATH_SEARCH_PATHS = (
					"$(inherited)",
					"@executable_path/Frameworks",
				);
				PRODUCT_BUNDLE_IDENTIFIER = "jp.st-ventures.ios-alamofire-swifttask-demo";
				PRODUCT_NAME = "$(TARGET_NAME)";
				SWIFT_VERSION = 4.0;
				TARGETED_DEVICE_FAMILY = "1,2";
			};
			name = Debug;
		};
		B673D214209A11BA0086958A /* Release */ = {
			isa = XCBuildConfiguration;
			buildSettings = {
				ASSETCATALOG_COMPILER_APPICON_NAME = AppIcon;
				CODE_SIGN_STYLE = Automatic;
				DEVELOPMENT_TEAM = PCCZJUYRT6;
				INFOPLIST_FILE = "ios-alamofire-swifttask-demo/Info.plist";
				LD_RUNPATH_SEARCH_PATHS = (
					"$(inherited)",
					"@executable_path/Frameworks",
				);
				PRODUCT_BUNDLE_IDENTIFIER = "jp.st-ventures.ios-alamofire-swifttask-demo";
				PRODUCT_NAME = "$(TARGET_NAME)";
				SWIFT_VERSION = 4.0;
				TARGETED_DEVICE_FAMILY = "1,2";
			};
			name = Release;
		};
		B673D216209A11BA0086958A /* Debug */ = {
			isa = XCBuildConfiguration;
			buildSettings = {
				ALWAYS_EMBED_SWIFT_STANDARD_LIBRARIES = YES;
				BUNDLE_LOADER = "$(TEST_HOST)";
				CODE_SIGN_STYLE = Automatic;
				DEVELOPMENT_TEAM = PCCZJUYRT6;
				INFOPLIST_FILE = "ios-alamofire-swifttask-demoTests/Info.plist";
				LD_RUNPATH_SEARCH_PATHS = (
					"$(inherited)",
					"@executable_path/Frameworks",
					"@loader_path/Frameworks",
				);
				PRODUCT_BUNDLE_IDENTIFIER = "jp.st-ventures.ios-alamofire-swifttask-demoTests";
				PRODUCT_NAME = "$(TARGET_NAME)";
				SWIFT_VERSION = 4.0;
				TARGETED_DEVICE_FAMILY = "1,2";
				TEST_HOST = "$(BUILT_PRODUCTS_DIR)/ios-alamofire-swifttask-demo.app/ios-alamofire-swifttask-demo";
			};
			name = Debug;
		};
		B673D217209A11BA0086958A /* Release */ = {
			isa = XCBuildConfiguration;
			buildSettings = {
				ALWAYS_EMBED_SWIFT_STANDARD_LIBRARIES = YES;
				BUNDLE_LOADER = "$(TEST_HOST)";
				CODE_SIGN_STYLE = Automatic;
				DEVELOPMENT_TEAM = PCCZJUYRT6;
				INFOPLIST_FILE = "ios-alamofire-swifttask-demoTests/Info.plist";
				LD_RUNPATH_SEARCH_PATHS = (
					"$(inherited)",
					"@executable_path/Frameworks",
					"@loader_path/Frameworks",
				);
				PRODUCT_BUNDLE_IDENTIFIER = "jp.st-ventures.ios-alamofire-swifttask-demoTests";
				PRODUCT_NAME = "$(TARGET_NAME)";
				SWIFT_VERSION = 4.0;
				TARGETED_DEVICE_FAMILY = "1,2";
				TEST_HOST = "$(BUILT_PRODUCTS_DIR)/ios-alamofire-swifttask-demo.app/ios-alamofire-swifttask-demo";
			};
			name = Release;
		};
		B673D219209A11BA0086958A /* Debug */ = {
			isa = XCBuildConfiguration;
			buildSettings = {
				ALWAYS_EMBED_SWIFT_STANDARD_LIBRARIES = YES;
				CODE_SIGN_STYLE = Automatic;
				DEVELOPMENT_TEAM = PCCZJUYRT6;
				INFOPLIST_FILE = "ios-alamofire-swifttask-demoUITests/Info.plist";
				LD_RUNPATH_SEARCH_PATHS = (
					"$(inherited)",
					"@executable_path/Frameworks",
					"@loader_path/Frameworks",
				);
				PRODUCT_BUNDLE_IDENTIFIER = "jp.st-ventures.ios-alamofire-swifttask-demoUITests";
				PRODUCT_NAME = "$(TARGET_NAME)";
				SWIFT_VERSION = 4.0;
				TARGETED_DEVICE_FAMILY = "1,2";
				TEST_TARGET_NAME = "ios-alamofire-swifttask-demo";
			};
			name = Debug;
		};
		B673D21A209A11BA0086958A /* Release */ = {
			isa = XCBuildConfiguration;
			buildSettings = {
				ALWAYS_EMBED_SWIFT_STANDARD_LIBRARIES = YES;
				CODE_SIGN_STYLE = Automatic;
				DEVELOPMENT_TEAM = PCCZJUYRT6;
				INFOPLIST_FILE = "ios-alamofire-swifttask-demoUITests/Info.plist";
				LD_RUNPATH_SEARCH_PATHS = (
					"$(inherited)",
					"@executable_path/Frameworks",
					"@loader_path/Frameworks",
				);
				PRODUCT_BUNDLE_IDENTIFIER = "jp.st-ventures.ios-alamofire-swifttask-demoUITests";
				PRODUCT_NAME = "$(TARGET_NAME)";
				SWIFT_VERSION = 4.0;
				TARGETED_DEVICE_FAMILY = "1,2";
				TEST_TARGET_NAME = "ios-alamofire-swifttask-demo";
			};
			name = Release;
		};
/* End XCBuildConfiguration section */

/* Begin XCConfigurationList section */
		B673D1E5209A11B80086958A /* Build configuration list for PBXProject "ios-alamofire-swifttask-demo" */ = {
			isa = XCConfigurationList;
			buildConfigurations = (
				B673D210209A11BA0086958A /* Debug */,
				B673D211209A11BA0086958A /* Release */,
			);
			defaultConfigurationIsVisible = 0;
			defaultConfigurationName = Release;
		};
		B673D212209A11BA0086958A /* Build configuration list for PBXNativeTarget "ios-alamofire-swifttask-demo" */ = {
			isa = XCConfigurationList;
			buildConfigurations = (
				B673D213209A11BA0086958A /* Debug */,
				B673D214209A11BA0086958A /* Release */,
			);
			defaultConfigurationIsVisible = 0;
			defaultConfigurationName = Release;
		};
		B673D215209A11BA0086958A /* Build configuration list for PBXNativeTarget "ios-alamofire-swifttask-demoTests" */ = {
			isa = XCConfigurationList;
			buildConfigurations = (
				B673D216209A11BA0086958A /* Debug */,
				B673D217209A11BA0086958A /* Release */,
			);
			defaultConfigurationIsVisible = 0;
			defaultConfigurationName = Release;
		};
		B673D218209A11BA0086958A /* Build configuration list for PBXNativeTarget "ios-alamofire-swifttask-demoUITests" */ = {
			isa = XCConfigurationList;
			buildConfigurations = (
				B673D219209A11BA0086958A /* Debug */,
				B673D21A209A11BA0086958A /* Release */,
			);
			defaultConfigurationIsVisible = 0;
			defaultConfigurationName = Release;
		};
/* End XCConfigurationList section */
	};
	rootObject = B673D1E2209A11B80086958A /* Project object */;
}
